
Microsoft Visual Studio Solution File, Format Version 12.00
# Visual Studio Version 17
VisualStudioVersion = 17.13.35931.197 d17.13
MinimumVisualStudioVersion = 10.0.40219.1
Project("{FAE04EC0-301F-11D3-BF4B-00C04F79EFBC}") = "EDV", "EDV\EDV.csproj", "{A831800B-B79F-4DC7-9832-A3BA9866824F}"
EndProject
Global
	GlobalSection(SolutionConfigurationPlatforms) = preSolution
		Debug|Any CPU = Debug|Any CPU
		Release|Any CPU = Release|Any CPU
	EndGlobalSection
	GlobalSection(ProjectConfigurationPlatforms) = postSolution
		{A831800B-B79F-4DC7-9832-A3BA9866824F}.Debug|Any CPU.ActiveCfg = Debug|Any CPU
		{A831800B-B79F-4DC7-9832-A3BA9866824F}.Debug|Any CPU.Build.0 = Debug|Any CPU
		{A831800B-B79F-4DC7-9832-A3BA9866824F}.Release|Any CPU.ActiveCfg = Release|Any CPU
		{A831800B-B79F-4DC7-9832-A3BA9866824F}.Release|Any CPU.Build.0 = Release|Any CPU
	EndGlobalSection
	GlobalSection(SolutionProperties) = preSolution
		HideSolutionNode = FALSE
	EndGlobalSection
	GlobalSection(ExtensibilityGlobals) = postSolution
		SolutionGuid = {95591407-810A-44C0-A358-0B69584C6014}
	EndGlobalSection
EndGlobal
